[{<<"datum">>,
  {git,"https://github.com/fogfish/datum",
       {ref,"5b1984c7247d20278bfa34efa1bec9566808766e"}},
  0},
 {<<"feta">>,
  {git,"https://github.com/fogfish/feta",
       {ref,"0621beb5ed4d02f1fe8b109c8a9fcbffc42c5730"}},
  0},
 {<<"hash">>,
  {git,"https://github.com/fogfish/hash",
       {ref,"043931773300eeff736adfc92e1ee9e20204ba84"}},
  0},
 {<<"hornlog">>,
  {git,"https://github.com/fogfish/hornlog",
       {ref,"71a704df5947c8e32eb88cb292a8a3eeed589f7f"}},
  0},
 {<<"jsx">>,
  {git,"https://github.com/talentdeficit/jsx",
       {ref,"45ffea21a6863c58fb7da1f937e868916ff68b27"}},
  0},
 {<<"meck">>,
  {git,"https://github.com/eproxus/meck",
       {ref,"b1a9cadf43adba8426e48f0727f33338750e1169"}},
  1},
 {<<"uid">>,
  {git,"https://github.com/fogfish/uid",
       {ref,"698ebcb27b273a2f879d8bd24be5f5ea54c98850"}},
  0}].
